
Microsoft Visual Studio Solution File, Format Version 12.00
# Visual Studio Version 17
VisualStudioVersion = 17.14.36301.6 d17.14
MinimumVisualStudioVersion = 10.0.40219.1
Project("{FAE04EC0-301F-11D3-BF4B-00C04F79EFBC}") = "result-minimal-api", "result-minimal-api.csproj", "{A7103DCB-F0B4-4CB6-824B-9FF54D576CEA}"
EndProject
Global
	GlobalSection(SolutionConfigurationPlatforms) = preSolution
		Debug|Any CPU = Debug|Any CPU
		Release|Any CPU = Release|Any CPU
	EndGlobalSection
	GlobalSection(ProjectConfigurationPlatforms) = postSolution
		{A7103DCB-F0B4-4CB6-824B-9FF54D576CEA}.Debug|Any CPU.ActiveCfg = Debug|Any CPU
		{A7103DCB-F0B4-4CB6-824B-9FF54D576CEA}.Debug|Any CPU.Build.0 = Debug|Any CPU
		{A7103DCB-F0B4-4CB6-824B-9FF54D576CEA}.Release|Any CPU.ActiveCfg = Release|Any CPU
		{A7103DCB-F0B4-4CB6-824B-9FF54D576CEA}.Release|Any CPU.Build.0 = Release|Any CPU
	EndGlobalSection
	GlobalSection(SolutionProperties) = preSolution
		HideSolutionNode = FALSE
	EndGlobalSection
	GlobalSection(ExtensibilityGlobals) = postSolution
		SolutionGuid = {19791D42-8C15-4B1F-9467-1CB16E589870}
	EndGlobalSection
EndGlobal
